// !$*UTF8*$!
{
	archiveVersion = 1;
	classes = {
	};
	objectVersion = 50;
	objects = {

/* Begin PBXBuildFile section */
		7FC3C1103B983B6AB00F281B /* Pods_FlixScroll.framework in Frameworks */ = {isa = PBXBuildFile; fileRef = DFE6FDF0160A04B0628915A4 /* Pods_FlixScroll.framework */; };
		86A73FCBF38CB51D56387488 /* Pods_FlixScrollUITests.framework in Frameworks */ = {isa = PBXBuildFile; fileRef = 6DB9B710FCDE2FFDB85FCEE8 /* Pods_FlixScrollUITests.framework */; };
		AD5B1D9B2224E4CC00492773 /* AppDelegate.swift in Sources */ = {isa = PBXBuildFile; fileRef = AD5B1D9A2224E4CC00492773 /* AppDelegate.swift */; };
		AD5B1DA02224E4CC00492773 /* Main.storyboard in Resources */ = {isa = PBXBuildFile; fileRef = AD5B1D9E2224E4CC00492773 /* Main.storyboard */; };
		AD5B1DA22224E4CC00492773 /* Assets.xcassets in Resources */ = {isa = PBXBuildFile; fileRef = AD5B1DA12224E4CC00492773 /* Assets.xcassets */; };
		AD5B1DA52224E4CC00492773 /* LaunchScreen.storyboard in Resources */ = {isa = PBXBuildFile; fileRef = AD5B1DA32224E4CC00492773 /* LaunchScreen.storyboard */; };
		AD5B1DB02224E4CC00492773 /* FlixScrollTests.swift in Sources */ = {isa = PBXBuildFile; fileRef = AD5B1DAF2224E4CC00492773 /* FlixScrollTests.swift */; };
		AD5B1DBB2224E4CC00492773 /* FlixScrollUITests.swift in Sources */ = {isa = PBXBuildFile; fileRef = AD5B1DBA2224E4CC00492773 /* FlixScrollUITests.swift */; };
		AD5B1DC92224E66E00492773 /* MoviesViewController.swift in Sources */ = {isa = PBXBuildFile; fileRef = AD5B1DC82224E66E00492773 /* MoviesViewController.swift */; };
		AD5B1DCD2224FA0400492773 /* MovieCell.swift in Sources */ = {isa = PBXBuildFile; fileRef = AD5B1DCC2224FA0400492773 /* MovieCell.swift */; };
		ADB24C5A222CD67D002B268B /* MovieDetailsViewController.swift in Sources */ = {isa = PBXBuildFile; fileRef = ADB24C59222CD67D002B268B /* MovieDetailsViewController.swift */; };
		ADB24C5C222CEAE9002B268B /* MovieGridViewController.swift in Sources */ = {isa = PBXBuildFile; fileRef = ADB24C5B222CEAE9002B268B /* MovieGridViewController.swift */; };
		ADB24C5E222CF06F002B268B /* MovieGridCell.swift in Sources */ = {isa = PBXBuildFile; fileRef = ADB24C5D222CF06F002B268B /* MovieGridCell.swift */; };
		F3BA84674D3EC07CE7C14FA9 /* Pods_FlixScrollTests.framework in Frameworks */ = {isa = PBXBuildFile; fileRef = 17A3B8A17E21BE7FC3B7A70F /* Pods_FlixScrollTests.framework */; };
/* End PBXBuildFile section */

/* Begin PBXContainerItemProxy section */
		AD5B1DAC2224E4CC00492773 /* PBXContainerItemProxy */ = {
			isa = PBXContainerItemProxy;
			containerPortal = AD5B1D8F2224E4CC00492773 /* Project object */;
			proxyType = 1;
			remoteGlobalIDString = AD5B1D962224E4CC00492773;
			remoteInfo = FlixScroll;
		};
		AD5B1DB72224E4CC00492773 /* PBXContainerItemProxy */ = {
			isa = PBXContainerItemProxy;
			containerPortal = AD5B1D8F2224E4CC00492773 /* Project object */;
			proxyType = 1;
			remoteGlobalIDString = AD5B1D962224E4CC00492773;
			remoteInfo = FlixScroll;
		};
/* End PBXContainerItemProxy section */

/* Begin PBXFileReference section */
		17A3B8A17E21BE7FC3B7A70F /* Pods_FlixScrollTests.framework */ = {isa = PBXFileReference; explicitFileType = wrapper.framework; includeInIndex = 0; path = Pods_FlixScrollTests.framework; sourceTree = BUILT_PRODUCTS_DIR; };
		20D0421456BEE3B38913E275 /* Pods-FlixScrollUITests.debug.xcconfig */ = {isa = PBXFileReference; includeInIndex = 1; lastKnownFileType = text.xcconfig; name = "Pods-FlixScrollUITests.debug.xcconfig"; path = "Target Support Files/Pods-FlixScrollUITests/Pods-FlixScrollUITests.debug.xcconfig"; sourceTree = "<group>"; };
		220F735214CB2BB7A50FB114 /* Pods-FlixScroll.release.xcconfig */ = {isa = PBXFileReference; includeInIndex = 1; lastKnownFileType = text.xcconfig; name = "Pods-FlixScroll.release.xcconfig"; path = "Target Support Files/Pods-FlixScroll/Pods-FlixScroll.release.xcconfig"; sourceTree = "<group>"; };
		34A22215BE3743132A6498AC /* Pods-FlixScroll.debug.xcconfig */ = {isa = PBXFileReference; includeInIndex = 1; lastKnownFileType = text.xcconfig; name = "Pods-FlixScroll.debug.xcconfig"; path = "Target Support Files/Pods-FlixScroll/Pods-FlixScroll.debug.xcconfig"; sourceTree = "<group>"; };
		5685843D7262496D42F9A21B /* Pods-FlixScrollTests.release.xcconfig */ = {isa = PBXFileReference; includeInIndex = 1; lastKnownFileType = text.xcconfig; name = "Pods-FlixScrollTests.release.xcconfig"; path = "Target Support Files/Pods-FlixScrollTests/Pods-FlixScrollTests.release.xcconfig"; sourceTree = "<group>"; };
		5D2D81BF2F1BDF64C35BDCC1 /* Pods-FlixScrollTests.debug.xcconfig */ = {isa = PBXFileReference; includeInIndex = 1; lastKnownFileType = text.xcconfig; name = "Pods-FlixScrollTests.debug.xcconfig"; path = "Target Support Files/Pods-FlixScrollTests/Pods-FlixScrollTests.debug.xcconfig"; sourceTree = "<group>"; };
		6DB9B710FCDE2FFDB85FCEE8 /* Pods_FlixScrollUITests.framework */ = {isa = PBXFileReference; explicitFileType = wrapper.framework; includeInIndex = 0; path = Pods_FlixScrollUITests.framework; sourceTree = BUILT_PRODUCTS_DIR; };
		91C54B2AE0461DA73FF3E911 /* Pods-FlixScrollUITests.release.xcconfig */ = {isa = PBXFileReference; includeInIndex = 1; lastKnownFileType = text.xcconfig; name = "Pods-FlixScrollUITests.release.xcconfig"; path = "Target Support Files/Pods-FlixScrollUITests/Pods-FlixScrollUITests.release.xcconfig"; sourceTree = "<group>"; };
		AD5B1D972224E4CC00492773 /* FlixScroll.app */ = {isa = PBXFileReference; explicitFileType = wrapper.application; includeInIndex = 0; path = FlixScroll.app; sourceTree = BUILT_PRODUCTS_DIR; };
		AD5B1D9A2224E4CC00492773 /* AppDelegate.swift */ = {isa = PBXFileReference; lastKnownFileType = sourcecode.swift; path = AppDelegate.swift; sourceTree = "<group>"; };
		AD5B1D9F2224E4CC00492773 /* Base */ = {isa = PBXFileReference; lastKnownFileType = file.storyboard; name = Base; path = Base.lproj/Main.storyboard; sourceTree = "<group>"; };
		AD5B1DA12224E4CC00492773 /* Assets.xcassets */ = {isa = PBXFileReference; lastKnownFileType = folder.assetcatalog; path = Assets.xcassets; sourceTree = "<group>"; };
		AD5B1DA42224E4CC00492773 /* Base */ = {isa = PBXFileReference; lastKnownFileType = file.storyboard; name = Base; path = Base.lproj/LaunchScreen.storyboard; sourceTree = "<group>"; };
		AD5B1DA62224E4CC00492773 /* Info.plist */ = {isa = PBXFileReference; lastKnownFileType = text.plist.xml; path = Info.plist; sourceTree = "<group>"; };
		AD5B1DAB2224E4CC00492773 /* FlixScrollTests.xctest */ = {isa = PBXFileReference; explicitFileType = wrapper.cfbundle; includeInIndex = 0; path = FlixScrollTests.xctest; sourceTree = BUILT_PRODUCTS_DIR; };
		AD5B1DAF2224E4CC00492773 /* FlixScrollTests.swift */ = {isa = PBXFileReference; lastKnownFileType = sourcecode.swift; path = FlixScrollTests.swift; sourceTree = "<group>"; };
		AD5B1DB12224E4CC00492773 /* Info.plist */ = {isa = PBXFileReference; lastKnownFileType = text.plist.xml; path = Info.plist; sourceTree = "<group>"; };
		AD5B1DB62224E4CC00492773 /* FlixScrollUITests.xctest */ = {isa = PBXFileReference; explicitFileType = wrapper.cfbundle; includeInIndex = 0; path = FlixScrollUITests.xctest; sourceTree = BUILT_PRODUCTS_DIR; };
		AD5B1DBA2224E4CC00492773 /* FlixScrollUITests.swift */ = {isa = PBXFileReference; lastKnownFileType = sourcecode.swift; path = FlixScrollUITests.swift; sourceTree = "<group>"; };
		AD5B1DBC2224E4CC00492773 /* Info.plist */ = {isa = PBXFileReference; lastKnownFileType = text.plist.xml; path = Info.plist; sourceTree = "<group>"; };
		AD5B1DC82224E66E00492773 /* MoviesViewController.swift */ = {isa = PBXFileReference; lastKnownFileType = sourcecode.swift; path = MoviesViewController.swift; sourceTree = "<group>"; };
		AD5B1DCC2224FA0400492773 /* MovieCell.swift */ = {isa = PBXFileReference; lastKnownFileType = sourcecode.swift; path = MovieCell.swift; sourceTree = "<group>"; };
		ADB24C59222CD67D002B268B /* MovieDetailsViewController.swift */ = {isa = PBXFileReference; lastKnownFileType = sourcecode.swift; path = MovieDetailsViewController.swift; sourceTree = "<group>"; };
		ADB24C5B222CEAE9002B268B /* MovieGridViewController.swift */ = {isa = PBXFileReference; lastKnownFileType = sourcecode.swift; path = MovieGridViewController.swift; sourceTree = "<group>"; };
		ADB24C5D222CF06F002B268B /* MovieGridCell.swift */ = {isa = PBXFileReference; lastKnownFileType = sourcecode.swift; path = MovieGridCell.swift; sourceTree = "<group>"; };
		DFE6FDF0160A04B0628915A4 /* Pods_FlixScroll.framework */ = {isa = PBXFileReference; explicitFileType = wrapper.framework; includeInIndex = 0; path = Pods_FlixScroll.framework; sourceTree = BUILT_PRODUCTS_DIR; };
/* End PBXFileReference section */

/* Begin PBXFrameworksBuildPhase section */
		AD5B1D942224E4CC00492773 /* Frameworks */ = {
			isa = PBXFrameworksBuildPhase;
			buildActionMask = 2147483647;
			files = (
				7FC3C1103B983B6AB00F281B /* Pods_FlixScroll.framework in Frameworks */,
			);
			runOnlyForDeploymentPostprocessing = 0;
		};
		AD5B1DA82224E4CC00492773 /* Frameworks */ = {
			isa = PBXFrameworksBuildPhase;
			buildActionMask = 2147483647;
			files = (
				F3BA84674D3EC07CE7C14FA9 /* Pods_FlixScrollTests.framework in Frameworks */,
			);
			runOnlyForDeploymentPostprocessing = 0;
		};
		AD5B1DB32224E4CC00492773 /* Frameworks */ = {
			isa = PBXFrameworksBuildPhase;
			buildActionMask = 2147483647;
			files = (
				86A73FCBF38CB51D56387488 /* Pods_FlixScrollUITests.framework in Frameworks */,
			);
			runOnlyForDeploymentPostprocessing = 0;
		};
/* End PBXFrameworksBuildPhase section */

/* Begin PBXGroup section */
		002104B8073E8F9A8DD002B1 /* Pods */ = {
			isa = PBXGroup;
			children = (
				34A22215BE3743132A6498AC /* Pods-FlixScroll.debug.xcconfig */,
				220F735214CB2BB7A50FB114 /* Pods-FlixScroll.release.xcconfig */,
				5D2D81BF2F1BDF64C35BDCC1 /* Pods-FlixScrollTests.debug.xcconfig */,
				5685843D7262496D42F9A21B /* Pods-FlixScrollTests.release.xcconfig */,
				20D0421456BEE3B38913E275 /* Pods-FlixScrollUITests.debug.xcconfig */,
				91C54B2AE0461DA73FF3E911 /* Pods-FlixScrollUITests.release.xcconfig */,
			);
			path = Pods;
			sourceTree = "<group>";
		};
		18E60A85901C9077AA52E926 /* Frameworks */ = {
			isa = PBXGroup;
			children = (
				DFE6FDF0160A04B0628915A4 /* Pods_FlixScroll.framework */,
				17A3B8A17E21BE7FC3B7A70F /* Pods_FlixScrollTests.framework */,
				6DB9B710FCDE2FFDB85FCEE8 /* Pods_FlixScrollUITests.framework */,
			);
			name = Frameworks;
			sourceTree = "<group>";
		};
		AD5B1D8E2224E4CC00492773 = {
			isa = PBXGroup;
			children = (
				AD5B1D992224E4CC00492773 /* FlixScroll */,
				AD5B1DAE2224E4CC00492773 /* FlixScrollTests */,
				AD5B1DB92224E4CC00492773 /* FlixScrollUITests */,
				AD5B1D982224E4CC00492773 /* Products */,
				002104B8073E8F9A8DD002B1 /* Pods */,
				18E60A85901C9077AA52E926 /* Frameworks */,
			);
			sourceTree = "<group>";
		};
		AD5B1D982224E4CC00492773 /* Products */ = {
			isa = PBXGroup;
			children = (
				AD5B1D972224E4CC00492773 /* FlixScroll.app */,
				AD5B1DAB2224E4CC00492773 /* FlixScrollTests.xctest */,
				AD5B1DB62224E4CC00492773 /* FlixScrollUITests.xctest */,
			);
			name = Products;
			sourceTree = "<group>";
		};
		AD5B1D992224E4CC00492773 /* FlixScroll */ = {
			isa = PBXGroup;
			children = (
				AD5B1D9A2224E4CC00492773 /* AppDelegate.swift */,
				AD5B1D9E2224E4CC00492773 /* Main.storyboard */,
				ADB24C5D222CF06F002B268B /* MovieGridCell.swift */,
				ADB24C59222CD67D002B268B /* MovieDetailsViewController.swift */,
				AD5B1DC82224E66E00492773 /* MoviesViewController.swift */,
				ADB24C5B222CEAE9002B268B /* MovieGridViewController.swift */,
				AD5B1DA12224E4CC00492773 /* Assets.xcassets */,
				AD5B1DA32224E4CC00492773 /* LaunchScreen.storyboard */,
				AD5B1DCC2224FA0400492773 /* MovieCell.swift */,
				AD5B1DA62224E4CC00492773 /* Info.plist */,
			);
			path = FlixScroll;
			sourceTree = "<group>";
		};
		AD5B1DAE2224E4CC00492773 /* FlixScrollTests */ = {
			isa = PBXGroup;
			children = (
				AD5B1DAF2224E4CC00492773 /* FlixScrollTests.swift */,
				AD5B1DB12224E4CC00492773 /* Info.plist */,
			);
			path = FlixScrollTests;
			sourceTree = "<group>";
		};
		AD5B1DB92224E4CC00492773 /* FlixScrollUITests */ = {
			isa = PBXGroup;
			children = (
				AD5B1DBA2224E4CC00492773 /* FlixScrollUITests.swift */,
				AD5B1DBC2224E4CC00492773 /* Info.plist */,
			);
			path = FlixScrollUITests;
			sourceTree = "<group>";
		};
/* End PBXGroup section */

/* Begin PBXNativeTarget section */
		AD5B1D962224E4CC00492773 /* FlixScroll */ = {
			isa = PBXNativeTarget;
			buildConfigurationList = AD5B1DBF2224E4CC00492773 /* Build configuration list for PBXNativeTarget "FlixScroll" */;
			buildPhases = (
				9AA349654222D42D43D8BA8F /* [CP] Check Pods Manifest.lock */,
				AD5B1D932224E4CC00492773 /* Sources */,
				AD5B1D942224E4CC00492773 /* Frameworks */,
				AD5B1D952224E4CC00492773 /* Resources */,
				8634C927D9BC26039F36F074 /* [CP] Embed Pods Frameworks */,
			);
			buildRules = (
			);
			dependencies = (
			);
			name = FlixScroll;
			productName = FlixScroll;
			productReference = AD5B1D972224E4CC00492773 /* FlixScroll.app */;
			productType = "com.apple.product-type.application";
		};
		AD5B1DAA2224E4CC00492773 /* FlixScrollTests */ = {
			isa = PBXNativeTarget;
			buildConfigurationList = AD5B1DC22224E4CC00492773 /* Build configuration list for PBXNativeTarget "FlixScrollTests" */;
			buildPhases = (
				F04B8760F65CF99154A1DE19 /* [CP] Check Pods Manifest.lock */,
				AD5B1DA72224E4CC00492773 /* Sources */,
				AD5B1DA82224E4CC00492773 /* Frameworks */,
				AD5B1DA92224E4CC00492773 /* Resources */,
			);
			buildRules = (
			);
			dependencies = (
				AD5B1DAD2224E4CC00492773 /* PBXTargetDependency */,
			);
			name = FlixScrollTests;
			productName = FlixScrollTests;
			productReference = AD5B1DAB2224E4CC00492773 /* FlixScrollTests.xctest */;
			productType = "com.apple.product-type.bundle.unit-test";
		};
		AD5B1DB52224E4CC00492773 /* FlixScrollUITests */ = {
			isa = PBXNativeTarget;
			buildConfigurationList = AD5B1DC52224E4CC00492773 /* Build configuration list for PBXNativeTarget "FlixScrollUITests" */;
			buildPhases = (
				F847F754EBAAC13A2A4624D9 /* [CP] Check Pods Manifest.lock */,
				AD5B1DB22224E4CC00492773 /* Sources */,
				AD5B1DB32224E4CC00492773 /* Frameworks */,
				AD5B1DB42224E4CC00492773 /* Resources */,
			);
			buildRules = (
			);
			dependencies = (
				AD5B1DB82224E4CC00492773 /* PBXTargetDependency */,
			);
			name = FlixScrollUITests;
			productName = FlixScrollUITests;
			productReference = AD5B1DB62224E4CC00492773 /* FlixScrollUITests.xctest */;
			productType = "com.apple.product-type.bundle.ui-testing";
		};
/* End PBXNativeTarget section */

/* Begin PBXProject section */
		AD5B1D8F2224E4CC00492773 /* Project object */ = {
			isa = PBXProject;
			attributes = {
				LastSwiftUpdateCheck = 1010;
				LastUpgradeCheck = 1010;
				ORGANIZATIONNAME = "pandey.ganesh20@icloud.com";
				TargetAttributes = {
					AD5B1D962224E4CC00492773 = {
						CreatedOnToolsVersion = 10.1;
					};
					AD5B1DAA2224E4CC00492773 = {
						CreatedOnToolsVersion = 10.1;
						TestTargetID = AD5B1D962224E4CC00492773;
					};
					AD5B1DB52224E4CC00492773 = {
						CreatedOnToolsVersion = 10.1;
						TestTargetID = AD5B1D962224E4CC00492773;
					};
				};
			};
			buildConfigurationList = AD5B1D922224E4CC00492773 /* Build configuration list for PBXProject "FlixScroll" */;
			compatibilityVersion = "Xcode 9.3";
			developmentRegion = en;
			hasScannedForEncodings = 0;
			knownRegions = (
				en,
				Base,
			);
			mainGroup = AD5B1D8E2224E4CC00492773;
			productRefGroup = AD5B1D982224E4CC00492773 /* Products */;
			projectDirPath = "";
			projectRoot = "";
			targets = (
				AD5B1D962224E4CC00492773 /* FlixScroll */,
				AD5B1DAA2224E4CC00492773 /* FlixScrollTests */,
				AD5B1DB52224E4CC00492773 /* FlixScrollUITests */,
			);
		};
/* End PBXProject section */

/* Begin PBXResourcesBuildPhase section */
		AD5B1D952224E4CC00492773 /* Resources */ = {
			isa = PBXResourcesBuildPhase;
			buildActionMask = 2147483647;
			files = (
				AD5B1DA52224E4CC00492773 /* LaunchScreen.storyboard in Resources */,
				AD5B1DA22224E4CC00492773 /* Assets.xcassets in Resources */,
				AD5B1DA02224E4CC00492773 /* Main.storyboard in Resources */,
			);
			runOnlyForDeploymentPostprocessing = 0;
		};
		AD5B1DA92224E4CC00492773 /* Resources */ = {
			isa = PBXResourcesBuildPhase;
			buildActionMask = 2147483647;
			files = (
			);
			runOnlyForDeploymentPostprocessing = 0;
		};
		AD5B1DB42224E4CC00492773 /* Resources */ = {
			isa = PBXResourcesBuildPhase;
			buildActionMask = 2147483647;
			files = (
			);
			runOnlyForDeploymentPostprocessing = 0;
		};
/* End PBXResourcesBuildPhase section */

/* Begin PBXShellScriptBuildPhase section */
		8634C927D9BC26039F36F074 /* [CP] Embed Pods Frameworks */ = {
			isa = PBXShellScriptBuildPhase;
			buildActionMask = 2147483647;
			files = (
			);
			inputFileListPaths = (
			);
			inputPaths = (
				"${PODS_ROOT}/Target Support Files/Pods-FlixScroll/Pods-FlixScroll-frameworks.sh",
				"${BUILT_PRODUCTS_DIR}/Alamofire/Alamofire.framework",
				"${BUILT_PRODUCTS_DIR}/AlamofireImage/AlamofireImage.framework",
			);
			name = "[CP] Embed Pods Frameworks";
			outputFileListPaths = (
			);
			outputPaths = (
				"${TARGET_BUILD_DIR}/${FRAMEWORKS_FOLDER_PATH}/Alamofire.framework",
				"${TARGET_BUILD_DIR}/${FRAMEWORKS_FOLDER_PATH}/AlamofireImage.framework",
			);
			runOnlyForDeploymentPostprocessing = 0;
			shellPath = /bin/sh;
			shellScript = "\"${PODS_ROOT}/Target Support Files/Pods-FlixScroll/Pods-FlixScroll-frameworks.sh\"\n";
			showEnvVarsInLog = 0;
		};
		9AA349654222D42D43D8BA8F /* [CP] Check Pods Manifest.lock */ = {
			isa = PBXShellScriptBuildPhase;
			buildActionMask = 2147483647;
			files = (
			);
			inputFileListPaths = (
			);
			inputPaths = (
				"${PODS_PODFILE_DIR_PATH}/Podfile.lock",
				"${PODS_ROOT}/Manifest.lock",
			);
			name = "[CP] Check Pods Manifest.lock";
			outputFileListPaths = (
			);
			outputPaths = (
				"$(DERIVED_FILE_DIR)/Pods-FlixScroll-checkManifestLockResult.txt",
			);
			runOnlyForDeploymentPostprocessing = 0;
			shellPath = /bin/sh;
			shellScript = "diff \"${PODS_PODFILE_DIR_PATH}/Podfile.lock\" \"${PODS_ROOT}/Manifest.lock\" > /dev/null\nif [ $? != 0 ] ; then\n    # print error to STDERR\n    echo \"error: The sandbox is not in sync with the Podfile.lock. Run 'pod install' or update your CocoaPods installation.\" >&2\n    exit 1\nfi\n# This output is used by Xcode 'outputs' to avoid re-running this script phase.\necho \"SUCCESS\" > \"${SCRIPT_OUTPUT_FILE_0}\"\n";
			showEnvVarsInLog = 0;
		};
		F04B8760F65CF99154A1DE19 /* [CP] Check Pods Manifest.lock */ = {
			isa = PBXShellScriptBuildPhase;
			buildActionMask = 2147483647;
			files = (
			);
			inputFileListPaths = (
			);
			inputPaths = (
				"${PODS_PODFILE_DIR_PATH}/Podfile.lock",
				"${PODS_ROOT}/Manifest.lock",
			);
			name = "[CP] Check Pods Manifest.lock";
			outputFileListPaths = (
			);
			outputPaths = (
				"$(DERIVED_FILE_DIR)/Pods-FlixScrollTests-checkManifestLockResult.txt",
			);
			runOnlyForDeploymentPostprocessing = 0;
			shellPath = /bin/sh;
			shellScript = "diff \"${PODS_PODFILE_DIR_PATH}/Podfile.lock\" \"${PODS_ROOT}/Manifest.lock\" > /dev/null\nif [ $? != 0 ] ; then\n    # print error to STDERR\n    echo \"error: The sandbox is not in sync with the Podfile.lock. Run 'pod install' or update your CocoaPods installation.\" >&2\n    exit 1\nfi\n# This output is used by Xcode 'outputs' to avoid re-running this script phase.\necho \"SUCCESS\" > \"${SCRIPT_OUTPUT_FILE_0}\"\n";
			showEnvVarsInLog = 0;
		};
		F847F754EBAAC13A2A4624D9 /* [CP] Check Pods Manifest.lock */ = {
			isa = PBXShellScriptBuildPhase;
			buildActionMask = 2147483647;
			files = (
			);
			inputFileListPaths = (
			);
			inputPaths = (
				"${PODS_PODFILE_DIR_PATH}/Podfile.lock",
				"${PODS_ROOT}/Manifest.lock",
			);
			name = "[CP] Check Pods Manifest.lock";
			outputFileListPaths = (
			);
			outputPaths = (
				"$(DERIVED_FILE_DIR)/Pods-FlixScrollUITests-checkManifestLockResult.txt",
			);
			runOnlyForDeploymentPostprocessing = 0;
			shellPath = /bin/sh;
			shellScript = "diff \"${PODS_PODFILE_DIR_PATH}/Podfile.lock\" \"${PODS_ROOT}/Manifest.lock\" > /dev/null\nif [ $? != 0 ] ; then\n    # print error to STDERR\n    echo \"error: The sandbox is not in sync with the Podfile.lock. Run 'pod install' or update your CocoaPods installation.\" >&2\n    exit 1\nfi\n# This output is used by Xcode 'outputs' to avoid re-running this script phase.\necho \"SUCCESS\" > \"${SCRIPT_OUTPUT_FILE_0}\"\n";
			showEnvVarsInLog = 0;
		};
/* End PBXShellScriptBuildPhase section */

/* Begin PBXSourcesBuildPhase section */
		AD5B1D932224E4CC00492773 /* Sources */ = {
			isa = PBXSourcesBuildPhase;
			buildActionMask = 2147483647;
			files = (
				ADB24C5C222CEAE9002B268B /* MovieGridViewController.swift in Sources */,
				ADB24C5A222CD67D002B268B /* MovieDetailsViewController.swift in Sources */,
				AD5B1D9B2224E4CC00492773 /* AppDelegate.swift in Sources */,
				AD5B1DC92224E66E00492773 /* MoviesViewController.swift in Sources */,
				ADB24C5E222CF06F002B268B /* MovieGridCell.swift in Sources */,
				AD5B1DCD2224FA0400492773 /* MovieCell.swift in Sources */,
			);
			runOnlyForDeploymentPostprocessing = 0;
		};
		AD5B1DA72224E4CC00492773 /* Sources */ = {
			isa = PBXSourcesBuildPhase;
			buildActionMask = 2147483647;
			files = (
				AD5B1DB02224E4CC00492773 /* FlixScrollTests.swift in Sources */,
			);
			runOnlyForDeploymentPostprocessing = 0;
		};
		AD5B1DB22224E4CC00492773 /* Sources */ = {
			isa = PBXSourcesBuildPhase;
			buildActionMask = 2147483647;
			files = (
				AD5B1DBB2224E4CC00492773 /* FlixScrollUITests.swift in Sources */,
			);
			runOnlyForDeploymentPostprocessing = 0;
		};
/* End PBXSourcesBuildPhase section */

/* Begin PBXTargetDependency section */
		AD5B1DAD2224E4CC00492773 /* PBXTargetDependency */ = {
			isa = PBXTargetDependency;
			target = AD5B1D962224E4CC00492773 /* FlixScroll */;
			targetProxy = AD5B1DAC2224E4CC00492773 /* PBXContainerItemProxy */;
		};
		AD5B1DB82224E4CC00492773 /* PBXTargetDependency */ = {
			isa = PBXTargetDependency;
			target = AD5B1D962224E4CC00492773 /* FlixScroll */;
			targetProxy = AD5B1DB72224E4CC00492773 /* PBXContainerItemProxy */;
		};
/* End PBXTargetDependency section */

/* Begin PBXVariantGroup section */
		AD5B1D9E2224E4CC00492773 /* Main.storyboard */ = {
			isa = PBXVariantGroup;
			children = (
				AD5B1D9F2224E4CC00492773 /* Base */,
			);
			name = Main.storyboard;
			sourceTree = "<group>";
		};
		AD5B1DA32224E4CC00492773 /* LaunchScreen.storyboard */ = {
			isa = PBXVariantGroup;
			children = (
				AD5B1DA42224E4CC00492773 /* Base */,
			);
			name = LaunchScreen.storyboard;
			sourceTree = "<group>";
		};
/* End PBXVariantGroup section */

/* Begin XCBuildConfiguration section */
		AD5B1DBD2224E4CC00492773 /* Debug */ = {
			isa = XCBuildConfiguration;
			buildSettings = {
				ALWAYS_SEARCH_USER_PATHS = NO;
				CLANG_ANALYZER_NONNULL = YES;
				CLANG_ANALYZER_NUMBER_OBJECT_CONVERSION = YES_AGGRESSIVE;
				CLANG_CXX_LANGUAGE_STANDARD = "gnu++14";
				CLANG_CXX_LIBRARY = "libc++";
				CLANG_ENABLE_MODULES = YES;
				CLANG_ENABLE_OBJC_ARC = YES;
				CLANG_ENABLE_OBJC_WEAK = YES;
				CLANG_WARN_BLOCK_CAPTURE_AUTORELEASING = YES;
				CLANG_WARN_BOOL_CONVERSION = YES;
				CLANG_WARN_COMMA = YES;
				CLANG_WARN_CONSTANT_CONVERSION = YES;
				CLANG_WARN_DEPRECATED_OBJC_IMPLEMENTATIONS = YES;
				CLANG_WARN_DIRECT_OBJC_ISA_USAGE = YES_ERROR;
				CLANG_WARN_DOCUMENTATION_COMMENTS = YES;
				CLANG_WARN_EMPTY_BODY = YES;
				CLANG_WARN_ENUM_CONVERSION = YES;
				CLANG_WARN_INFINITE_RECURSION = YES;
				CLANG_WARN_INT_CONVERSION = YES;
				CLANG_WARN_NON_LITERAL_NULL_CONVERSION = YES;
				CLANG_WARN_OBJC_IMPLICIT_RETAIN_SELF = YES;
				CLANG_WARN_OBJC_LITERAL_CONVERSION = YES;
				CLANG_WARN_OBJC_ROOT_CLASS = YES_ERROR;
				CLANG_WARN_RANGE_LOOP_ANALYSIS = YES;
				CLANG_WARN_STRICT_PROTOTYPES = YES;
				CLANG_WARN_SUSPICIOUS_MOVE = YES;
				CLANG_WARN_UNGUARDED_AVAILABILITY = YES_AGGRESSIVE;
				CLANG_WARN_UNREACHABLE_CODE = YES;
				CLANG_WARN__DUPLICATE_METHOD_MATCH = YES;
				CODE_SIGN_IDENTITY = "iPhone Developer";
				COPY_PHASE_STRIP = NO;
				DEBUG_INFORMATION_FORMAT = dwarf;
				ENABLE_STRICT_OBJC_MSGSEND = YES;
				ENABLE_TESTABILITY = YES;
				GCC_C_LANGUAGE_STANDARD = gnu11;
				GCC_DYNAMIC_NO_PIC = NO;
				GCC_NO_COMMON_BLOCKS = YES;
				GCC_OPTIMIZATION_LEVEL = 0;
				GCC_PREPROCESSOR_DEFINITIONS = (
					"DEBUG=1",
					"$(inherited)",
				);
				GCC_WARN_64_TO_32_BIT_CONVERSION = YES;
				GCC_WARN_ABOUT_RETURN_TYPE = YES_ERROR;
				GCC_WARN_UNDECLARED_SELECTOR = YES;
				GCC_WARN_UNINITIALIZED_AUTOS = YES_AGGRESSIVE;
				GCC_WARN_UNUSED_FUNCTION = YES;
				GCC_WARN_UNUSED_VARIABLE = YES;
				IPHONEOS_DEPLOYMENT_TARGET = 12.1;
				MTL_ENABLE_DEBUG_INFO = INCLUDE_SOURCE;
				MTL_FAST_MATH = YES;
				ONLY_ACTIVE_ARCH = YES;
				SDKROOT = iphoneos;
				SWIFT_ACTIVE_COMPILATION_CONDITIONS = DEBUG;
				SWIFT_OPTIMIZATION_LEVEL = "-Onone";
			};
			name = Debug;
		};
		AD5B1DBE2224E4CC00492773 /* Release */ = {
			isa = XCBuildConfiguration;
			buildSettings = {
				ALWAYS_SEARCH_USER_PATHS = NO;
				CLANG_ANALYZER_NONNULL = YES;
				CLANG_ANALYZER_NUMBER_OBJECT_CONVERSION = YES_AGGRESSIVE;
				CLANG_CXX_LANGUAGE_STANDARD = "gnu++14";
				CLANG_CXX_LIBRARY = "libc++";
				CLANG_ENABLE_MODULES = YES;
				CLANG_ENABLE_OBJC_ARC = YES;
				CLANG_ENABLE_OBJC_WEAK = YES;
				CLANG_WARN_BLOCK_CAPTURE_AUTORELEASING = YES;
				CLANG_WARN_BOOL_CONVERSION = YES;
				CLANG_WARN_COMMA = YES;
				CLANG_WARN_CONSTANT_CONVERSION = YES;
				CLANG_WARN_DEPRECATED_OBJC_IMPLEMENTATIONS = YES;
				CLANG_WARN_DIRECT_OBJC_ISA_USAGE = YES_ERROR;
				CLANG_WARN_DOCUMENTATION_COMMENTS = YES;
				CLANG_WARN_EMPTY_BODY = YES;
				CLANG_WARN_ENUM_CONVERSION = YES;
				CLANG_WARN_INFINITE_RECURSION = YES;
				CLANG_WARN_INT_CONVERSION = YES;
				CLANG_WARN_NON_LITERAL_NULL_CONVERSION = YES;
				CLANG_WARN_OBJC_IMPLICIT_RETAIN_SELF = YES;
				CLANG_WARN_OBJC_LITERAL_CONVERSION = YES;
				CLANG_WARN_OBJC_ROOT_CLASS = YES_ERROR;
				CLANG_WARN_RANGE_LOOP_ANALYSIS = YES;
				CLANG_WARN_STRICT_PROTOTYPES = YES;
				CLANG_WARN_SUSPICIOUS_MOVE = YES;
				CLANG_WARN_UNGUARDED_AVAILABILITY = YES_AGGRESSIVE;
				CLANG_WARN_UNREACHABLE_CODE = YES;
				CLANG_WARN__DUPLICATE_METHOD_MATCH = YES;
				CODE_SIGN_IDENTITY = "iPhone Developer";
				COPY_PHASE_STRIP = NO;
				DEBUG_INFORMATION_FORMAT = "dwarf-with-dsym";
				ENABLE_NS_ASSERTIONS = NO;
				ENABLE_STRICT_OBJC_MSGSEND = YES;
				GCC_C_LANGUAGE_STANDARD = gnu11;
				GCC_NO_COMMON_BLOCKS = YES;
				GCC_WARN_64_TO_32_BIT_CONVERSION = YES;
				GCC_WARN_ABOUT_RETURN_TYPE = YES_ERROR;
				GCC_WARN_UNDECLARED_SELECTOR = YES;
				GCC_WARN_UNINITIALIZED_AUTOS = YES_AGGRESSIVE;
				GCC_WARN_UNUSED_FUNCTION = YES;
				GCC_WARN_UNUSED_VARIABLE = YES;
				IPHONEOS_DEPLOYMENT_TARGET = 12.1;
				MTL_ENABLE_DEBUG_INFO = NO;
				MTL_FAST_MATH = YES;
				SDKROOT = iphoneos;
				SWIFT_COMPILATION_MODE = wholemodule;
				SWIFT_OPTIMIZATION_LEVEL = "-O";
				VALIDATE_PRODUCT = YES;
			};
			name = Release;
		};
		AD5B1DC02224E4CC00492773 /* Debug */ = {
			isa = XCBuildConfiguration;
			baseConfigurationReference = 34A22215BE3743132A6498AC /* Pods-FlixScroll.debug.xcconfig */;
			buildSettings = {
				ASSETCATALOG_COMPILER_APPICON_NAME = AppIcon;
				CODE_SIGN_STYLE = Automatic;
				INFOPLIST_FILE = FlixScroll/Info.plist;
				LD_RUNPATH_SEARCH_PATHS = (
					"$(inherited)",
					"@executable_path/Frameworks",
				);
				PRODUCT_BUNDLE_IDENTIFIER = com.Ganesh.FlixScroll;
				PRODUCT_NAME = "$(TARGET_NAME)";
				SWIFT_VERSION = 4.2;
				TARGETED_DEVICE_FAMILY = "1,2";
			};
			name = Debug;
		};
		AD5B1DC12224E4CC00492773 /* Release */ = {
			isa = XCBuildConfiguration;
			baseConfigurationReference = 220F735214CB2BB7A50FB114 /* Pods-FlixScroll.release.xcconfig */;
			buildSettings = {
				ASSETCATALOG_COMPILER_APPICON_NAME = AppIcon;
				CODE_SIGN_STYLE = Automatic;
				INFOPLIST_FILE = FlixScroll/Info.plist;
				LD_RUNPATH_SEARCH_PATHS = (
					"$(inherited)",
					"@executable_path/Frameworks",
				);
				PRODUCT_BUNDLE_IDENTIFIER = com.Ganesh.FlixScroll;
				PRODUCT_NAME = "$(TARGET_NAME)";
				SWIFT_VERSION = 4.2;
				TARGETED_DEVICE_FAMILY = "1,2";
			};
			name = Release;
		};
		AD5B1DC32224E4CC00492773 /* Debug */ = {
			isa = XCBuildConfiguration;
			baseConfigurationReference = 5D2D81BF2F1BDF64C35BDCC1 /* Pods-FlixScrollTests.debug.xcconfig */;
			buildSettings = {
				ALWAYS_EMBED_SWIFT_STANDARD_LIBRARIES = YES;
				BUNDLE_LOADER = "$(TEST_HOST)";
				CODE_SIGN_STYLE = Automatic;
				INFOPLIST_FILE = FlixScrollTests/Info.plist;
				LD_RUNPATH_SEARCH_PATHS = (
					"$(inherited)",
					"@executable_path/Frameworks",
					"@loader_path/Frameworks",
				);
				PRODUCT_BUNDLE_IDENTIFIER = com.Ganesh.FlixScrollTests;
				PRODUCT_NAME = "$(TARGET_NAME)";
				SWIFT_VERSION = 4.2;
				TARGETED_DEVICE_FAMILY = "1,2";
				TEST_HOST = "$(BUILT_PRODUCTS_DIR)/FlixScroll.app/FlixScroll";
			};
			name = Debug;
		};
		AD5B1DC42224E4CC00492773 /* Release */ = {
			isa = XCBuildConfiguration;
			baseConfigurationReference = 5685843D7262496D42F9A21B /* Pods-FlixScrollTests.release.xcconfig */;
			buildSettings = {
				ALWAYS_EMBED_SWIFT_STANDARD_LIBRARIES = YES;
				BUNDLE_LOADER = "$(TEST_HOST)";
				CODE_SIGN_STYLE = Automatic;
				INFOPLIST_FILE = FlixScrollTests/Info.plist;
				LD_RUNPATH_SEARCH_PATHS = (
					"$(inherited)",
					"@executable_path/Frameworks",
					"@loader_path/Frameworks",
				);
				PRODUCT_BUNDLE_IDENTIFIER = com.Ganesh.FlixScrollTests;
				PRODUCT_NAME = "$(TARGET_NAME)";
				SWIFT_VERSION = 4.2;
				TARGETED_DEVICE_FAMILY = "1,2";
				TEST_HOST = "$(BUILT_PRODUCTS_DIR)/FlixScroll.app/FlixScroll";
			};
			name = Release;
		};
		AD5B1DC62224E4CC00492773 /* Debug */ = {
			isa = XCBuildConfiguration;
			baseConfigurationReference = 20D0421456BEE3B38913E275 /* Pods-FlixScrollUITests.debug.xcconfig */;
			buildSettings = {
				ALWAYS_EMBED_SWIFT_STANDARD_LIBRARIES = YES;
				CODE_SIGN_STYLE = Automatic;
				INFOPLIST_FILE = FlixScrollUITests/Info.plist;
				LD_RUNPATH_SEARCH_PATHS = (
					"$(inherited)",
					"@executable_path/Frameworks",
					"@loader_path/Frameworks",
				);
				PRODUCT_BUNDLE_IDENTIFIER = com.Ganesh.FlixScrollUITests;
				PRODUCT_NAME = "$(TARGET_NAME)";
				SWIFT_VERSION = 4.2;
				TARGETED_DEVICE_FAMILY = "1,2";
				TEST_TARGET_NAME = FlixScroll;
			};
			name = Debug;
		};
		AD5B1DC72224E4CC00492773 /* Release */ = {
			isa = XCBuildConfiguration;
			baseConfigurationReference = 91C54B2AE0461DA73FF3E911 /* Pods-FlixScrollUITests.release.xcconfig */;
			buildSettings = {
				ALWAYS_EMBED_SWIFT_STANDARD_LIBRARIES = YES;
				CODE_SIGN_STYLE = Automatic;
				INFOPLIST_FILE = FlixScrollUITests/Info.plist;
				LD_RUNPATH_SEARCH_PATHS = (
					"$(inherited)",
					"@executable_path/Frameworks",
					"@loader_path/Frameworks",
				);
				PRODUCT_BUNDLE_IDENTIFIER = com.Ganesh.FlixScrollUITests;
				PRODUCT_NAME = "$(TARGET_NAME)";
				SWIFT_VERSION = 4.2;
				TARGETED_DEVICE_FAMILY = "1,2";
				TEST_TARGET_NAME = FlixScroll;
			};
			name = Release;
		};
/* End XCBuildConfiguration section */

/* Begin XCConfigurationList section */
		AD5B1D922224E4CC00492773 /* Build configuration list for PBXProject "FlixScroll" */ = {
			isa = XCConfigurationList;
			buildConfigurations = (
				AD5B1DBD2224E4CC00492773 /* Debug */,
				AD5B1DBE2224E4CC00492773 /* Release */,
			);
			defaultConfigurationIsVisible = 0;
			defaultConfigurationName = Release;
		};
		AD5B1DBF2224E4CC00492773 /* Build configuration list for PBXNativeTarget "FlixScroll" */ = {
			isa = XCConfigurationList;
			buildConfigurations = (
				AD5B1DC02224E4CC00492773 /* Debug */,
				AD5B1DC12224E4CC00492773 /* Release */,
			);
			defaultConfigurationIsVisible = 0;
			defaultConfigurationName = Release;
		};
		AD5B1DC22224E4CC00492773 /* Build configuration list for PBXNativeTarget "FlixScrollTests" */ = {
			isa = XCConfigurationList;
			buildConfigurations = (
				AD5B1DC32224E4CC00492773 /* Debug */,
				AD5B1DC42224E4CC00492773 /* Release */,
			);
			defaultConfigurationIsVisible = 0;
			defaultConfigurationName = Release;
		};
		AD5B1DC52224E4CC00492773 /* Build configuration list for PBXNativeTarget "FlixScrollUITests" */ = {
			isa = XCConfigurationList;
			buildConfigurations = (
				AD5B1DC62224E4CC00492773 /* Debug */,
				AD5B1DC72224E4CC00492773 /* Release */,
			);
			defaultConfigurationIsVisible = 0;
			defaultConfigurationName = Release;
		};
/* End XCConfigurationList section */
	};
	rootObject = AD5B1D8F2224E4CC00492773 /* Project object */;
}
